
Microsoft Visual Studio Solution File, Format Version 12.00
# Visual Studio Version 17
VisualStudioVersion = 17.0.31903.59
MinimumVisualStudioVersion = 10.0.40219.1
Project("{2150E333-8FDC-42A3-9474-1A3956D46DE8}") = "src", "src", "{827E0CD3-B72D-47B6-A68D-7590B98EB39B}"
EndProject
Project("{FAE04EC0-301F-11D3-BF4B-00C04F79EFBC}") = "Screengrabber.Api", "src\Screengrabber.Api\Screengrabber.Api.csproj", "{D321B706-7DC8-4CD2-A493-F9D085E715DC}"
EndProject
Project("{2150E333-8FDC-42A3-9474-1A3956D46DE8}") = "tests", "tests", "{0AB3BF05-4346-4AA6-1389-037BE0695223}"
EndProject
Project("{FAE04EC0-301F-11D3-BF4B-00C04F79EFBC}") = "Screengrabber.Api.Tests", "tests\Screengrabber.Api.Tests\Screengrabber.Api.Tests.csproj", "{CFD92A01-A86A-4D90-8FC6-BFB468C5880E}"
EndProject
Global
	GlobalSection(SolutionConfigurationPlatforms) = preSolution
		Debug|Any CPU = Debug|Any CPU
		Debug|x64 = Debug|x64
		Debug|x86 = Debug|x86
		Release|Any CPU = Release|Any CPU
		Release|x64 = Release|x64
		Release|x86 = Release|x86
	EndGlobalSection
	GlobalSection(ProjectConfigurationPlatforms) = postSolution
		{D321B706-7DC8-4CD2-A493-F9D085E715DC}.Debug|Any CPU.ActiveCfg = Debug|Any CPU
		{D321B706-7DC8-4CD2-A493-F9D085E715DC}.Debug|Any CPU.Build.0 = Debug|Any CPU
		{D321B706-7DC8-4CD2-A493-F9D085E715DC}.Debug|x64.ActiveCfg = Debug|Any CPU
		{D321B706-7DC8-4CD2-A493-F9D085E715DC}.Debug|x64.Build.0 = Debug|Any CPU
		{D321B706-7DC8-4CD2-A493-F9D085E715DC}.Debug|x86.ActiveCfg = Debug|Any CPU
		{D321B706-7DC8-4CD2-A493-F9D085E715DC}.Debug|x86.Build.0 = Debug|Any CPU
		{D321B706-7DC8-4CD2-A493-F9D085E715DC}.Release|Any CPU.ActiveCfg = Release|Any CPU
		{D321B706-7DC8-4CD2-A493-F9D085E715DC}.Release|Any CPU.Build.0 = Release|Any CPU
		{D321B706-7DC8-4CD2-A493-F9D085E715DC}.Release|x64.ActiveCfg = Release|Any CPU
		{D321B706-7DC8-4CD2-A493-F9D085E715DC}.Release|x64.Build.0 = Release|Any CPU
		{D321B706-7DC8-4CD2-A493-F9D085E715DC}.Release|x86.ActiveCfg = Release|Any CPU
		{D321B706-7DC8-4CD2-A493-F9D085E715DC}.Release|x86.Build.0 = Release|Any CPU
		{CFD92A01-A86A-4D90-8FC6-BFB468C5880E}.Debug|Any CPU.ActiveCfg = Debug|Any CPU
		{CFD92A01-A86A-4D90-8FC6-BFB468C5880E}.Debug|Any CPU.Build.0 = Debug|Any CPU
		{CFD92A01-A86A-4D90-8FC6-BFB468C5880E}.Debug|x64.ActiveCfg = Debug|Any CPU
		{CFD92A01-A86A-4D90-8FC6-BFB468C5880E}.Debug|x64.Build.0 = Debug|Any CPU
		{CFD92A01-A86A-4D90-8FC6-BFB468C5880E}.Debug|x86.ActiveCfg = Debug|Any CPU
		{CFD92A01-A86A-4D90-8FC6-BFB468C5880E}.Debug|x86.Build.0 = Debug|Any CPU
		{CFD92A01-A86A-4D90-8FC6-BFB468C5880E}.Release|Any CPU.ActiveCfg = Release|Any CPU
		{CFD92A01-A86A-4D90-8FC6-BFB468C5880E}.Release|Any CPU.Build.0 = Release|Any CPU
		{CFD92A01-A86A-4D90-8FC6-BFB468C5880E}.Release|x64.ActiveCfg = Release|Any CPU
		{CFD92A01-A86A-4D90-8FC6-BFB468C5880E}.Release|x64.Build.0 = Release|Any CPU
		{CFD92A01-A86A-4D90-8FC6-BFB468C5880E}.Release|x86.ActiveCfg = Release|Any CPU
		{CFD92A01-A86A-4D90-8FC6-BFB468C5880E}.Release|x86.Build.0 = Release|Any CPU
	EndGlobalSection
	GlobalSection(SolutionProperties) = preSolution
		HideSolutionNode = FALSE
	EndGlobalSection
	GlobalSection(NestedProjects) = preSolution
		{D321B706-7DC8-4CD2-A493-F9D085E715DC} = {827E0CD3-B72D-47B6-A68D-7590B98EB39B}
		{CFD92A01-A86A-4D90-8FC6-BFB468C5880E} = {0AB3BF05-4346-4AA6-1389-037BE0695223}
	EndGlobalSection
EndGlobal
